
Microsoft Visual Studio Solution File, Format Version 12.00
# Visual Studio Version 16
VisualStudioVersion = 16.0.30204.135
MinimumVisualStudioVersion = 10.0.40219.1
Project("{FAE04EC0-301F-11D3-BF4B-00C04F79EFBC}") = "EsrivaMobileWebAPI", "EsrivaMobileWebAPI\EsrivaMobileWebAPI.csproj", "{DB5CB8CD-6025-4C08-90F7-27C777E581B2}"
EndProject
Project("{FAE04EC0-301F-11D3-BF4B-00C04F79EFBC}") = "EsrivaMobile.Android", "EsrivaMobile\EsrivaMobile.Android\EsrivaMobile.Android.csproj", "{B2DAC704-F790-45C2-900C-68289B4897D1}"
EndProject
Project("{FAE04EC0-301F-11D3-BF4B-00C04F79EFBC}") = "EsrivaMobile.iOS", "EsrivaMobile\EsrivaMobile.iOS\EsrivaMobile.iOS.csproj", "{17210886-A104-448C-9F12-742B18D948F5}"
EndProject
Project("{9A19103F-16F7-4668-BE54-9A1E7A4F7556}") = "EsrivaMobile", "EsrivaMobile\EsrivaMobile\EsrivaMobile.csproj", "{4300E6DD-2796-4FDF-A36B-5AADB76D5181}"
EndProject
Global
	GlobalSection(SolutionConfigurationPlatforms) = preSolution
		Debug|Any CPU = Debug|Any CPU
		Debug|ARM = Debug|ARM
		Debug|ARM64 = Debug|ARM64
		Debug|iPhone = Debug|iPhone
		Debug|iPhoneSimulator = Debug|iPhoneSimulator
		Debug|x64 = Debug|x64
		Debug|x86 = Debug|x86
		Release|Any CPU = Release|Any CPU
		Release|ARM = Release|ARM
		Release|ARM64 = Release|ARM64
		Release|iPhone = Release|iPhone
		Release|iPhoneSimulator = Release|iPhoneSimulator
		Release|x64 = Release|x64
		Release|x86 = Release|x86
	EndGlobalSection
	GlobalSection(ProjectConfigurationPlatforms) = postSolution
		{DB5CB8CD-6025-4C08-90F7-27C777E581B2}.Debug|Any CPU.ActiveCfg = Debug|Any CPU
		{DB5CB8CD-6025-4C08-90F7-27C777E581B2}.Debug|Any CPU.Build.0 = Debug|Any CPU
		{DB5CB8CD-6025-4C08-90F7-27C777E581B2}.Debug|ARM.ActiveCfg = Debug|Any CPU
		{DB5CB8CD-6025-4C08-90F7-27C777E581B2}.Debug|ARM.Build.0 = Debug|Any CPU
		{DB5CB8CD-6025-4C08-90F7-27C777E581B2}.Debug|ARM64.ActiveCfg = Debug|Any CPU
		{DB5CB8CD-6025-4C08-90F7-27C777E581B2}.Debug|ARM64.Build.0 = Debug|Any CPU
		{DB5CB8CD-6025-4C08-90F7-27C777E581B2}.Debug|iPhone.ActiveCfg = Debug|Any CPU
		{DB5CB8CD-6025-4C08-90F7-27C777E581B2}.Debug|iPhone.Build.0 = Debug|Any CPU
		{DB5CB8CD-6025-4C08-90F7-27C777E581B2}.Debug|iPhoneSimulator.ActiveCfg = Debug|Any CPU
		{DB5CB8CD-6025-4C08-90F7-27C777E581B2}.Debug|iPhoneSimulator.Build.0 = Debug|Any CPU
		{DB5CB8CD-6025-4C08-90F7-27C777E581B2}.Debug|x64.ActiveCfg = Debug|Any CPU
		{DB5CB8CD-6025-4C08-90F7-27C777E581B2}.Debug|x64.Build.0 = Debug|Any CPU
		{DB5CB8CD-6025-4C08-90F7-27C777E581B2}.Debug|x86.ActiveCfg = Debug|Any CPU
		{DB5CB8CD-6025-4C08-90F7-27C777E581B2}.Debug|x86.Build.0 = Debug|Any CPU
		{DB5CB8CD-6025-4C08-90F7-27C777E581B2}.Release|Any CPU.ActiveCfg = Release|Any CPU
		{DB5CB8CD-6025-4C08-90F7-27C777E581B2}.Release|Any CPU.Build.0 = Release|Any CPU
		{DB5CB8CD-6025-4C08-90F7-27C777E581B2}.Release|ARM.ActiveCfg = Release|Any CPU
		{DB5CB8CD-6025-4C08-90F7-27C777E581B2}.Release|ARM.Build.0 = Release|Any CPU
		{DB5CB8CD-6025-4C08-90F7-27C777E581B2}.Release|ARM64.ActiveCfg = Release|Any CPU
		{DB5CB8CD-6025-4C08-90F7-27C777E581B2}.Release|ARM64.Build.0 = Release|Any CPU
		{DB5CB8CD-6025-4C08-90F7-27C777E581B2}.Release|iPhone.ActiveCfg = Release|Any CPU
		{DB5CB8CD-6025-4C08-90F7-27C777E581B2}.Release|iPhone.Build.0 = Release|Any CPU
		{DB5CB8CD-6025-4C08-90F7-27C777E581B2}.Release|iPhoneSimulator.ActiveCfg = Release|Any CPU
		{DB5CB8CD-6025-4C08-90F7-27C777E581B2}.Release|iPhoneSimulator.Build.0 = Release|Any CPU
		{DB5CB8CD-6025-4C08-90F7-27C777E581B2}.Release|x64.ActiveCfg = Release|Any CPU
		{DB5CB8CD-6025-4C08-90F7-27C777E581B2}.Release|x64.Build.0 = Release|Any CPU
		{DB5CB8CD-6025-4C08-90F7-27C777E581B2}.Release|x86.ActiveCfg = Release|Any CPU
		{DB5CB8CD-6025-4C08-90F7-27C777E581B2}.Release|x86.Build.0 = Release|Any CPU
		{B2DAC704-F790-45C2-900C-68289B4897D1}.Debug|Any CPU.ActiveCfg = Debug|Any CPU
		{B2DAC704-F790-45C2-900C-68289B4897D1}.Debug|Any CPU.Build.0 = Debug|Any CPU
		{B2DAC704-F790-45C2-900C-68289B4897D1}.Debug|Any CPU.Deploy.0 = Debug|Any CPU
		{B2DAC704-F790-45C2-900C-68289B4897D1}.Debug|ARM.ActiveCfg = Debug|Any CPU
		{B2DAC704-F790-45C2-900C-68289B4897D1}.Debug|ARM.Build.0 = Debug|Any CPU
		{B2DAC704-F790-45C2-900C-68289B4897D1}.Debug|ARM.Deploy.0 = Debug|Any CPU
		{B2DAC704-F790-45C2-900C-68289B4897D1}.Debug|ARM64.ActiveCfg = Debug|Any CPU
		{B2DAC704-F790-45C2-900C-68289B4897D1}.Debug|ARM64.Build.0 = Debug|Any CPU
		{B2DAC704-F790-45C2-900C-68289B4897D1}.Debug|ARM64.Deploy.0 = Debug|Any CPU
		{B2DAC704-F790-45C2-900C-68289B4897D1}.Debug|iPhone.ActiveCfg = Debug|Any CPU
		{B2DAC704-F790-45C2-900C-68289B4897D1}.Debug|iPhone.Build.0 = Debug|Any CPU
		{B2DAC704-F790-45C2-900C-68289B4897D1}.Debug|iPhone.Deploy.0 = Debug|Any CPU
		{B2DAC704-F790-45C2-900C-68289B4897D1}.Debug|iPhoneSimulator.ActiveCfg = Debug|Any CPU
		{B2DAC704-F790-45C2-900C-68289B4897D1}.Debug|iPhoneSimulator.Build.0 = Debug|Any CPU
		{B2DAC704-F790-45C2-900C-68289B4897D1}.Debug|iPhoneSimulator.Deploy.0 = Debug|Any CPU
		{B2DAC704-F790-45C2-900C-68289B4897D1}.Debug|x64.ActiveCfg = Debug|Any CPU
		{B2DAC704-F790-45C2-900C-68289B4897D1}.Debug|x64.Build.0 = Debug|Any CPU
		{B2DAC704-F790-45C2-900C-68289B4897D1}.Debug|x64.Deploy.0 = Debug|Any CPU
		{B2DAC704-F790-45C2-900C-68289B4897D1}.Debug|x86.ActiveCfg = Debug|Any CPU
		{B2DAC704-F790-45C2-900C-68289B4897D1}.Debug|x86.Build.0 = Debug|Any CPU
		{B2DAC704-F790-45C2-900C-68289B4897D1}.Debug|x86.Deploy.0 = Debug|Any CPU
		{B2DAC704-F790-45C2-900C-68289B4897D1}.Release|Any CPU.ActiveCfg = Release|Any CPU
		{B2DAC704-F790-45C2-900C-68289B4897D1}.Release|Any CPU.Build.0 = Release|Any CPU
		{B2DAC704-F790-45C2-900C-68289B4897D1}.Release|Any CPU.Deploy.0 = Release|Any CPU
		{B2DAC704-F790-45C2-900C-68289B4897D1}.Release|ARM.ActiveCfg = Release|Any CPU
		{B2DAC704-F790-45C2-900C-68289B4897D1}.Release|ARM.Build.0 = Release|Any CPU
		{B2DAC704-F790-45C2-900C-68289B4897D1}.Release|ARM.Deploy.0 = Release|Any CPU
		{B2DAC704-F790-45C2-900C-68289B4897D1}.Release|ARM64.ActiveCfg = Release|Any CPU
		{B2DAC704-F790-45C2-900C-68289B4897D1}.Release|ARM64.Build.0 = Release|Any CPU
		{B2DAC704-F790-45C2-900C-68289B4897D1}.Release|ARM64.Deploy.0 = Release|Any CPU
		{B2DAC704-F790-45C2-900C-68289B4897D1}.Release|iPhone.ActiveCfg = Release|Any CPU
		{B2DAC704-F790-45C2-900C-68289B4897D1}.Release|iPhone.Build.0 = Release|Any CPU
		{B2DAC704-F790-45C2-900C-68289B4897D1}.Release|iPhone.Deploy.0 = Release|Any CPU
		{B2DAC704-F790-45C2-900C-68289B4897D1}.Release|iPhoneSimulator.ActiveCfg = Release|Any CPU
		{B2DAC704-F790-45C2-900C-68289B4897D1}.Release|iPhoneSimulator.Build.0 = Release|Any CPU
		{B2DAC704-F790-45C2-900C-68289B4897D1}.Release|iPhoneSimulator.Deploy.0 = Release|Any CPU
		{B2DAC704-F790-45C2-900C-68289B4897D1}.Release|x64.ActiveCfg = Release|Any CPU
		{B2DAC704-F790-45C2-900C-68289B4897D1}.Release|x64.Build.0 = Release|Any CPU
		{B2DAC704-F790-45C2-900C-68289B4897D1}.Release|x64.Deploy.0 = Release|Any CPU
		{B2DAC704-F790-45C2-900C-68289B4897D1}.Release|x86.ActiveCfg = Release|Any CPU
		{B2DAC704-F790-45C2-900C-68289B4897D1}.Release|x86.Build.0 = Release|Any CPU
		{B2DAC704-F790-45C2-900C-68289B4897D1}.Release|x86.Deploy.0 = Release|Any CPU
		{17210886-A104-448C-9F12-742B18D948F5}.Debug|Any CPU.ActiveCfg = Debug|iPhone
		{17210886-A104-448C-9F12-742B18D948F5}.Debug|Any CPU.Build.0 = Debug|iPhone
		{17210886-A104-448C-9F12-742B18D948F5}.Debug|Any CPU.Deploy.0 = Debug|iPhone
		{17210886-A104-448C-9F12-742B18D948F5}.Debug|ARM.ActiveCfg = Debug|iPhone
		{17210886-A104-448C-9F12-742B18D948F5}.Debug|ARM64.ActiveCfg = Debug|iPhone
		{17210886-A104-448C-9F12-742B18D948F5}.Debug|iPhone.ActiveCfg = Debug|iPhone
		{17210886-A104-448C-9F12-742B18D948F5}.Debug|iPhone.Build.0 = Debug|iPhone
		{17210886-A104-448C-9F12-742B18D948F5}.Debug|iPhoneSimulator.ActiveCfg = Debug|iPhoneSimulator
		{17210886-A104-448C-9F12-742B18D948F5}.Debug|iPhoneSimulator.Build.0 = Debug|iPhoneSimulator
		{17210886-A104-448C-9F12-742B18D948F5}.Debug|x64.ActiveCfg = Debug|iPhone
		{17210886-A104-448C-9F12-742B18D948F5}.Debug|x86.ActiveCfg = Debug|iPhone
		{17210886-A104-448C-9F12-742B18D948F5}.Debug|x86.Build.0 = Debug|iPhone
		{17210886-A104-448C-9F12-742B18D948F5}.Debug|x86.Deploy.0 = Debug|iPhone
		{17210886-A104-448C-9F12-742B18D948F5}.Release|Any CPU.ActiveCfg = Release|iPhone
		{17210886-A104-448C-9F12-742B18D948F5}.Release|ARM.ActiveCfg = Release|iPhone
		{17210886-A104-448C-9F12-742B18D948F5}.Release|ARM64.ActiveCfg = Release|iPhone
		{17210886-A104-448C-9F12-742B18D948F5}.Release|iPhone.ActiveCfg = Release|iPhone
		{17210886-A104-448C-9F12-742B18D948F5}.Release|iPhone.Build.0 = Release|iPhone
		{17210886-A104-448C-9F12-742B18D948F5}.Release|iPhoneSimulator.ActiveCfg = Release|iPhoneSimulator
		{17210886-A104-448C-9F12-742B18D948F5}.Release|iPhoneSimulator.Build.0 = Release|iPhoneSimulator
		{17210886-A104-448C-9F12-742B18D948F5}.Release|x64.ActiveCfg = Release|iPhone
		{17210886-A104-448C-9F12-742B18D948F5}.Release|x86.ActiveCfg = Release|iPhone
		{4300E6DD-2796-4FDF-A36B-5AADB76D5181}.Debug|Any CPU.ActiveCfg = Debug|Any CPU
		{4300E6DD-2796-4FDF-A36B-5AADB76D5181}.Debug|Any CPU.Build.0 = Debug|Any CPU
		{4300E6DD-2796-4FDF-A36B-5AADB76D5181}.Debug|ARM.ActiveCfg = Debug|Any CPU
		{4300E6DD-2796-4FDF-A36B-5AADB76D5181}.Debug|ARM.Build.0 = Debug|Any CPU
		{4300E6DD-2796-4FDF-A36B-5AADB76D5181}.Debug|ARM64.ActiveCfg = Debug|Any CPU
		{4300E6DD-2796-4FDF-A36B-5AADB76D5181}.Debug|ARM64.Build.0 = Debug|Any CPU
		{4300E6DD-2796-4FDF-A36B-5AADB76D5181}.Debug|iPhone.ActiveCfg = Debug|Any CPU
		{4300E6DD-2796-4FDF-A36B-5AADB76D5181}.Debug|iPhone.Build.0 = Debug|Any CPU
		{4300E6DD-2796-4FDF-A36B-5AADB76D5181}.Debug|iPhoneSimulator.ActiveCfg = Debug|Any CPU
		{4300E6DD-2796-4FDF-A36B-5AADB76D5181}.Debug|iPhoneSimulator.Build.0 = Debug|Any CPU
		{4300E6DD-2796-4FDF-A36B-5AADB76D5181}.Debug|x64.ActiveCfg = Debug|Any CPU
		{4300E6DD-2796-4FDF-A36B-5AADB76D5181}.Debug|x64.Build.0 = Debug|Any CPU
		{4300E6DD-2796-4FDF-A36B-5AADB76D5181}.Debug|x86.ActiveCfg = Debug|Any CPU
		{4300E6DD-2796-4FDF-A36B-5AADB76D5181}.Debug|x86.Build.0 = Debug|Any CPU
		{4300E6DD-2796-4FDF-A36B-5AADB76D5181}.Release|Any CPU.ActiveCfg = Release|Any CPU
		{4300E6DD-2796-4FDF-A36B-5AADB76D5181}.Release|Any CPU.Build.0 = Release|Any CPU
		{4300E6DD-2796-4FDF-A36B-5AADB76D5181}.Release|ARM.ActiveCfg = Release|Any CPU
		{4300E6DD-2796-4FDF-A36B-5AADB76D5181}.Release|ARM.Build.0 = Release|Any CPU
		{4300E6DD-2796-4FDF-A36B-5AADB76D5181}.Release|ARM64.ActiveCfg = Release|Any CPU
		{4300E6DD-2796-4FDF-A36B-5AADB76D5181}.Release|ARM64.Build.0 = Release|Any CPU
		{4300E6DD-2796-4FDF-A36B-5AADB76D5181}.Release|iPhone.ActiveCfg = Release|Any CPU
		{4300E6DD-2796-4FDF-A36B-5AADB76D5181}.Release|iPhone.Build.0 = Release|Any CPU
		{4300E6DD-2796-4FDF-A36B-5AADB76D5181}.Release|iPhoneSimulator.ActiveCfg = Release|Any CPU
		{4300E6DD-2796-4FDF-A36B-5AADB76D5181}.Release|iPhoneSimulator.Build.0 = Release|Any CPU
		{4300E6DD-2796-4FDF-A36B-5AADB76D5181}.Release|x64.ActiveCfg = Release|Any CPU
		{4300E6DD-2796-4FDF-A36B-5AADB76D5181}.Release|x64.Build.0 = Release|Any CPU
		{4300E6DD-2796-4FDF-A36B-5AADB76D5181}.Release|x86.ActiveCfg = Release|Any CPU
		{4300E6DD-2796-4FDF-A36B-5AADB76D5181}.Release|x86.Build.0 = Release|Any CPU
	EndGlobalSection
	GlobalSection(SolutionProperties) = preSolution
		HideSolutionNode = FALSE
	EndGlobalSection
	GlobalSection(ExtensibilityGlobals) = postSolution
		SolutionGuid = {16680613-4258-4356-9010-57C31D6B367A}
	EndGlobalSection
EndGlobal
